// !$*UTF8*$!
{
	archiveVersion = 1;
	classes = {
	};
	objectVersion = 50;
	objects = {

/* Begin PBXBuildFile section */
		2C3234A525C1815800730E77 /* LoginViewController.swift in Sources */ = {isa = PBXBuildFile; fileRef = 2C3234A425C1815800730E77 /* LoginViewController.swift */; };
		2C5E88A425C078E600FCAE78 /* AppDelegate.swift in Sources */ = {isa = PBXBuildFile; fileRef = 2C5E88A325C078E600FCAE78 /* AppDelegate.swift */; };
		2C5E88A625C078E600FCAE78 /* SceneDelegate.swift in Sources */ = {isa = PBXBuildFile; fileRef = 2C5E88A525C078E600FCAE78 /* SceneDelegate.swift */; };
		2C5E88A825C078E600FCAE78 /* AuthViewController.swift in Sources */ = {isa = PBXBuildFile; fileRef = 2C5E88A725C078E600FCAE78 /* AuthViewController.swift */; };
		2C5E88AD25C078E800FCAE78 /* Assets.xcassets in Resources */ = {isa = PBXBuildFile; fileRef = 2C5E88AC25C078E800FCAE78 /* Assets.xcassets */; };
		2C5E88B025C078E800FCAE78 /* LaunchScreen.storyboard in Resources */ = {isa = PBXBuildFile; fileRef = 2C5E88AE25C078E800FCAE78 /* LaunchScreen.storyboard */; };
		2C5E88BB25C0873C00FCAE78 /* UIButton + Extension.swift in Sources */ = {isa = PBXBuildFile; fileRef = 2C5E88BA25C0873C00FCAE78 /* UIButton + Extension.swift */; };
		2C5E88BE25C098A500FCAE78 /* UIFont + Extension.swift in Sources */ = {isa = PBXBuildFile; fileRef = 2C5E88BD25C098A500FCAE78 /* UIFont + Extension.swift */; };
		2C5E88C125C09AB400FCAE78 /* UIColor + Extension.swift in Sources */ = {isa = PBXBuildFile; fileRef = 2C5E88C025C09AB400FCAE78 /* UIColor + Extension.swift */; };
		2C5E88C425C09CF300FCAE78 /* UILabel + Extension.swift in Sources */ = {isa = PBXBuildFile; fileRef = 2C5E88C325C09CF300FCAE78 /* UILabel + Extension.swift */; };
		2C5E88C725C09DF000FCAE78 /* UIImageView + Extension.swift in Sources */ = {isa = PBXBuildFile; fileRef = 2C5E88C625C09DF000FCAE78 /* UIImageView + Extension.swift */; };
		2C5E88CF25C0A09E00FCAE78 /* ButtonFormView.swift in Sources */ = {isa = PBXBuildFile; fileRef = 2C5E88CE25C0A09E00FCAE78 /* ButtonFormView.swift */; };
		2C5E88D225C0A5A700FCAE78 /* UIStackView + Extension.swift in Sources */ = {isa = PBXBuildFile; fileRef = 2C5E88D125C0A5A700FCAE78 /* UIStackView + Extension.swift */; };
		2C5E88D825C0B67800FCAE78 /* SignUpViewController.swift in Sources */ = {isa = PBXBuildFile; fileRef = 2C5E88D725C0B67800FCAE78 /* SignUpViewController.swift */; };
		2C5E88DB25C0B98900FCAE78 /* OneLineTextField.swift in Sources */ = {isa = PBXBuildFile; fileRef = 2C5E88DA25C0B98900FCAE78 /* OneLineTextField.swift */; };
/* End PBXBuildFile section */

/* Begin PBXFileReference section */
		2C3234A425C1815800730E77 /* LoginViewController.swift */ = {isa = PBXFileReference; lastKnownFileType = sourcecode.swift; path = LoginViewController.swift; sourceTree = "<group>"; };
		2C5E88A025C078E600FCAE78 /* Chat.app */ = {isa = PBXFileReference; explicitFileType = wrapper.application; includeInIndex = 0; path = Chat.app; sourceTree = BUILT_PRODUCTS_DIR; };
		2C5E88A325C078E600FCAE78 /* AppDelegate.swift */ = {isa = PBXFileReference; lastKnownFileType = sourcecode.swift; path = AppDelegate.swift; sourceTree = "<group>"; };
		2C5E88A525C078E600FCAE78 /* SceneDelegate.swift */ = {isa = PBXFileReference; lastKnownFileType = sourcecode.swift; path = SceneDelegate.swift; sourceTree = "<group>"; };
		2C5E88A725C078E600FCAE78 /* AuthViewController.swift */ = {isa = PBXFileReference; lastKnownFileType = sourcecode.swift; path = AuthViewController.swift; sourceTree = "<group>"; };
		2C5E88AC25C078E800FCAE78 /* Assets.xcassets */ = {isa = PBXFileReference; lastKnownFileType = folder.assetcatalog; path = Assets.xcassets; sourceTree = "<group>"; };
		2C5E88AF25C078E800FCAE78 /* Base */ = {isa = PBXFileReference; lastKnownFileType = file.storyboard; name = Base; path = Base.lproj/LaunchScreen.storyboard; sourceTree = "<group>"; };
		2C5E88B125C078E800FCAE78 /* Info.plist */ = {isa = PBXFileReference; lastKnownFileType = text.plist.xml; path = Info.plist; sourceTree = "<group>"; };
		2C5E88BA25C0873C00FCAE78 /* UIButton + Extension.swift */ = {isa = PBXFileReference; lastKnownFileType = sourcecode.swift; path = "UIButton + Extension.swift"; sourceTree = "<group>"; };
		2C5E88BD25C098A500FCAE78 /* UIFont + Extension.swift */ = {isa = PBXFileReference; lastKnownFileType = sourcecode.swift; path = "UIFont + Extension.swift"; sourceTree = "<group>"; };
		2C5E88C025C09AB400FCAE78 /* UIColor + Extension.swift */ = {isa = PBXFileReference; lastKnownFileType = sourcecode.swift; path = "UIColor + Extension.swift"; sourceTree = "<group>"; };
		2C5E88C325C09CF300FCAE78 /* UILabel + Extension.swift */ = {isa = PBXFileReference; lastKnownFileType = sourcecode.swift; path = "UILabel + Extension.swift"; sourceTree = "<group>"; };
		2C5E88C625C09DF000FCAE78 /* UIImageView + Extension.swift */ = {isa = PBXFileReference; lastKnownFileType = sourcecode.swift; path = "UIImageView + Extension.swift"; sourceTree = "<group>"; };
		2C5E88CE25C0A09E00FCAE78 /* ButtonFormView.swift */ = {isa = PBXFileReference; lastKnownFileType = sourcecode.swift; path = ButtonFormView.swift; sourceTree = "<group>"; };
		2C5E88D125C0A5A700FCAE78 /* UIStackView + Extension.swift */ = {isa = PBXFileReference; lastKnownFileType = sourcecode.swift; path = "UIStackView + Extension.swift"; sourceTree = "<group>"; };
		2C5E88D725C0B67800FCAE78 /* SignUpViewController.swift */ = {isa = PBXFileReference; lastKnownFileType = sourcecode.swift; path = SignUpViewController.swift; sourceTree = "<group>"; };
		2C5E88DA25C0B98900FCAE78 /* OneLineTextField.swift */ = {isa = PBXFileReference; lastKnownFileType = sourcecode.swift; path = OneLineTextField.swift; sourceTree = "<group>"; };
/* End PBXFileReference section */

/* Begin PBXFrameworksBuildPhase section */
		2C5E889D25C078E600FCAE78 /* Frameworks */ = {
			isa = PBXFrameworksBuildPhase;
			buildActionMask = 2147483647;
			files = (
			);
			runOnlyForDeploymentPostprocessing = 0;
		};
/* End PBXFrameworksBuildPhase section */

/* Begin PBXGroup section */
		2C5E889725C078E600FCAE78 = {
			isa = PBXGroup;
			children = (
				2C5E88A225C078E600FCAE78 /* Chat */,
				2C5E88A125C078E600FCAE78 /* Products */,
			);
			sourceTree = "<group>";
		};
		2C5E88A125C078E600FCAE78 /* Products */ = {
			isa = PBXGroup;
			children = (
				2C5E88A025C078E600FCAE78 /* Chat.app */,
			);
			name = Products;
			sourceTree = "<group>";
		};
		2C5E88A225C078E600FCAE78 /* Chat */ = {
			isa = PBXGroup;
			children = (
				2C5E88A325C078E600FCAE78 /* AppDelegate.swift */,
				2C5E88A525C078E600FCAE78 /* SceneDelegate.swift */,
				2C5E88A725C078E600FCAE78 /* AuthViewController.swift */,
				2C5E88D725C0B67800FCAE78 /* SignUpViewController.swift */,
				2C3234A425C1815800730E77 /* LoginViewController.swift */,
				2C5E88CE25C0A09E00FCAE78 /* ButtonFormView.swift */,
				2C5E88DA25C0B98900FCAE78 /* OneLineTextField.swift */,
				2C5E88CC25C09F4100FCAE78 /* Extensions */,
				2C5E88AC25C078E800FCAE78 /* Assets.xcassets */,
				2C5E88AE25C078E800FCAE78 /* LaunchScreen.storyboard */,
				2C5E88B125C078E800FCAE78 /* Info.plist */,
			);
			path = Chat;
			sourceTree = "<group>";
		};
		2C5E88CA25C09F3100FCAE78 /* UIKit */ = {
			isa = PBXGroup;
			children = (
				2C5E88C625C09DF000FCAE78 /* UIImageView + Extension.swift */,
				2C5E88C325C09CF300FCAE78 /* UILabel + Extension.swift */,
				2C5E88C025C09AB400FCAE78 /* UIColor + Extension.swift */,
				2C5E88BD25C098A500FCAE78 /* UIFont + Extension.swift */,
				2C5E88BA25C0873C00FCAE78 /* UIButton + Extension.swift */,
				2C5E88D125C0A5A700FCAE78 /* UIStackView + Extension.swift */,
			);
			path = UIKit;
			sourceTree = "<group>";
		};
		2C5E88CC25C09F4100FCAE78 /* Extensions */ = {
			isa = PBXGroup;
			children = (
				2C5E88CA25C09F3100FCAE78 /* UIKit */,
			);
			path = Extensions;
			sourceTree = "<group>";
		};
/* End PBXGroup section */

/* Begin PBXNativeTarget section */
		2C5E889F25C078E600FCAE78 /* Chat */ = {
			isa = PBXNativeTarget;
			buildConfigurationList = 2C5E88B425C078E800FCAE78 /* Build configuration list for PBXNativeTarget "Chat" */;
			buildPhases = (
				2C5E889C25C078E600FCAE78 /* Sources */,
				2C5E889D25C078E600FCAE78 /* Frameworks */,
				2C5E889E25C078E600FCAE78 /* Resources */,
			);
			buildRules = (
			);
			dependencies = (
			);
			name = Chat;
			productName = Chat;
			productReference = 2C5E88A025C078E600FCAE78 /* Chat.app */;
			productType = "com.apple.product-type.application";
		};
/* End PBXNativeTarget section */

/* Begin PBXProject section */
		2C5E889825C078E600FCAE78 /* Project object */ = {
			isa = PBXProject;
			attributes = {
				LastSwiftUpdateCheck = 1210;
				LastUpgradeCheck = 1210;
				TargetAttributes = {
					2C5E889F25C078E600FCAE78 = {
						CreatedOnToolsVersion = 12.1;
					};
				};
			};
			buildConfigurationList = 2C5E889B25C078E600FCAE78 /* Build configuration list for PBXProject "Chat" */;
			compatibilityVersion = "Xcode 9.3";
			developmentRegion = en;
			hasScannedForEncodings = 0;
			knownRegions = (
				en,
				Base,
			);
			mainGroup = 2C5E889725C078E600FCAE78;
			productRefGroup = 2C5E88A125C078E600FCAE78 /* Products */;
			projectDirPath = "";
			projectRoot = "";
			targets = (
				2C5E889F25C078E600FCAE78 /* Chat */,
			);
		};
/* End PBXProject section */

/* Begin PBXResourcesBuildPhase section */
		2C5E889E25C078E600FCAE78 /* Resources */ = {
			isa = PBXResourcesBuildPhase;
			buildActionMask = 2147483647;
			files = (
				2C5E88B025C078E800FCAE78 /* LaunchScreen.storyboard in Resources */,
				2C5E88AD25C078E800FCAE78 /* Assets.xcassets in Resources */,
			);
			runOnlyForDeploymentPostprocessing = 0;
		};
/* End PBXResourcesBuildPhase section */

/* Begin PBXSourcesBuildPhase section */
		2C5E889C25C078E600FCAE78 /* Sources */ = {
			isa = PBXSourcesBuildPhase;
			buildActionMask = 2147483647;
			files = (
				2C5E88DB25C0B98900FCAE78 /* OneLineTextField.swift in Sources */,
				2C5E88D825C0B67800FCAE78 /* SignUpViewController.swift in Sources */,
				2C5E88BE25C098A500FCAE78 /* UIFont + Extension.swift in Sources */,
				2C5E88A825C078E600FCAE78 /* AuthViewController.swift in Sources */,
				2C5E88C425C09CF300FCAE78 /* UILabel + Extension.swift in Sources */,
				2C5E88CF25C0A09E00FCAE78 /* ButtonFormView.swift in Sources */,
				2C5E88A425C078E600FCAE78 /* AppDelegate.swift in Sources */,
				2C5E88C725C09DF000FCAE78 /* UIImageView + Extension.swift in Sources */,
				2C5E88C125C09AB400FCAE78 /* UIColor + Extension.swift in Sources */,
				2C5E88A625C078E600FCAE78 /* SceneDelegate.swift in Sources */,
				2C5E88BB25C0873C00FCAE78 /* UIButton + Extension.swift in Sources */,
				2C3234A525C1815800730E77 /* LoginViewController.swift in Sources */,
				2C5E88D225C0A5A700FCAE78 /* UIStackView + Extension.swift in Sources */,
			);
			runOnlyForDeploymentPostprocessing = 0;
		};
/* End PBXSourcesBuildPhase section */

/* Begin PBXVariantGroup section */
		2C5E88AE25C078E800FCAE78 /* LaunchScreen.storyboard */ = {
			isa = PBXVariantGroup;
			children = (
				2C5E88AF25C078E800FCAE78 /* Base */,
			);
			name = LaunchScreen.storyboard;
			sourceTree = "<group>";
		};
/* End PBXVariantGroup section */

/* Begin XCBuildConfiguration section */
		2C5E88B225C078E800FCAE78 /* Debug */ = {
			isa = XCBuildConfiguration;
			buildSettings = {
				ALWAYS_SEARCH_USER_PATHS = NO;
				CLANG_ANALYZER_NONNULL = YES;
				CLANG_ANALYZER_NUMBER_OBJECT_CONVERSION = YES_AGGRESSIVE;
				CLANG_CXX_LANGUAGE_STANDARD = "gnu++14";
				CLANG_CXX_LIBRARY = "libc++";
				CLANG_ENABLE_MODULES = YES;
				CLANG_ENABLE_OBJC_ARC = YES;
				CLANG_ENABLE_OBJC_WEAK = YES;
				CLANG_WARN_BLOCK_CAPTURE_AUTORELEASING = YES;
				CLANG_WARN_BOOL_CONVERSION = YES;
				CLANG_WARN_COMMA = YES;
				CLANG_WARN_CONSTANT_CONVERSION = YES;
				CLANG_WARN_DEPRECATED_OBJC_IMPLEMENTATIONS = YES;
				CLANG_WARN_DIRECT_OBJC_ISA_USAGE = YES_ERROR;
				CLANG_WARN_DOCUMENTATION_COMMENTS = YES;
				CLANG_WARN_EMPTY_BODY = YES;
				CLANG_WARN_ENUM_CONVERSION = YES;
				CLANG_WARN_INFINITE_RECURSION = YES;
				CLANG_WARN_INT_CONVERSION = YES;
				CLANG_WARN_NON_LITERAL_NULL_CONVERSION = YES;
				CLANG_WARN_OBJC_IMPLICIT_RETAIN_SELF = YES;
				CLANG_WARN_OBJC_LITERAL_CONVERSION = YES;
				CLANG_WARN_OBJC_ROOT_CLASS = YES_ERROR;
				CLANG_WARN_QUOTED_INCLUDE_IN_FRAMEWORK_HEADER = YES;
				CLANG_WARN_RANGE_LOOP_ANALYSIS = YES;
				CLANG_WARN_STRICT_PROTOTYPES = YES;
				CLANG_WARN_SUSPICIOUS_MOVE = YES;
				CLANG_WARN_UNGUARDED_AVAILABILITY = YES_AGGRESSIVE;
				CLANG_WARN_UNREACHABLE_CODE = YES;
				CLANG_WARN__DUPLICATE_METHOD_MATCH = YES;
				COPY_PHASE_STRIP = NO;
				DEBUG_INFORMATION_FORMAT = dwarf;
				ENABLE_STRICT_OBJC_MSGSEND = YES;
				ENABLE_TESTABILITY = YES;
				GCC_C_LANGUAGE_STANDARD = gnu11;
				GCC_DYNAMIC_NO_PIC = NO;
				GCC_NO_COMMON_BLOCKS = YES;
				GCC_OPTIMIZATION_LEVEL = 0;
				GCC_PREPROCESSOR_DEFINITIONS = (
					"DEBUG=1",
					"$(inherited)",
				);
				GCC_WARN_64_TO_32_BIT_CONVERSION = YES;
				GCC_WARN_ABOUT_RETURN_TYPE = YES_ERROR;
				GCC_WARN_UNDECLARED_SELECTOR = YES;
				GCC_WARN_UNINITIALIZED_AUTOS = YES_AGGRESSIVE;
				GCC_WARN_UNUSED_FUNCTION = YES;
				GCC_WARN_UNUSED_VARIABLE = YES;
				IPHONEOS_DEPLOYMENT_TARGET = 14.1;
				MTL_ENABLE_DEBUG_INFO = INCLUDE_SOURCE;
				MTL_FAST_MATH = YES;
				ONLY_ACTIVE_ARCH = YES;
				SDKROOT = iphoneos;
				SWIFT_ACTIVE_COMPILATION_CONDITIONS = DEBUG;
				SWIFT_OPTIMIZATION_LEVEL = "-Onone";
			};
			name = Debug;
		};
		2C5E88B325C078E800FCAE78 /* Release */ = {
			isa = XCBuildConfiguration;
			buildSettings = {
				ALWAYS_SEARCH_USER_PATHS = NO;
				CLANG_ANALYZER_NONNULL = YES;
				CLANG_ANALYZER_NUMBER_OBJECT_CONVERSION = YES_AGGRESSIVE;
				CLANG_CXX_LANGUAGE_STANDARD = "gnu++14";
				CLANG_CXX_LIBRARY = "libc++";
				CLANG_ENABLE_MODULES = YES;
				CLANG_ENABLE_OBJC_ARC = YES;
				CLANG_ENABLE_OBJC_WEAK = YES;
				CLANG_WARN_BLOCK_CAPTURE_AUTORELEASING = YES;
				CLANG_WARN_BOOL_CONVERSION = YES;
				CLANG_WARN_COMMA = YES;
				CLANG_WARN_CONSTANT_CONVERSION = YES;
				CLANG_WARN_DEPRECATED_OBJC_IMPLEMENTATIONS = YES;
				CLANG_WARN_DIRECT_OBJC_ISA_USAGE = YES_ERROR;
				CLANG_WARN_DOCUMENTATION_COMMENTS = YES;
				CLANG_WARN_EMPTY_BODY = YES;
				CLANG_WARN_ENUM_CONVERSION = YES;
				CLANG_WARN_INFINITE_RECURSION = YES;
				CLANG_WARN_INT_CONVERSION = YES;
				CLANG_WARN_NON_LITERAL_NULL_CONVERSION = YES;
				CLANG_WARN_OBJC_IMPLICIT_RETAIN_SELF = YES;
				CLANG_WARN_OBJC_LITERAL_CONVERSION = YES;
				CLANG_WARN_OBJC_ROOT_CLASS = YES_ERROR;
				CLANG_WARN_QUOTED_INCLUDE_IN_FRAMEWORK_HEADER = YES;
				CLANG_WARN_RANGE_LOOP_ANALYSIS = YES;
				CLANG_WARN_STRICT_PROTOTYPES = YES;
				CLANG_WARN_SUSPICIOUS_MOVE = YES;
				CLANG_WARN_UNGUARDED_AVAILABILITY = YES_AGGRESSIVE;
				CLANG_WARN_UNREACHABLE_CODE = YES;
				CLANG_WARN__DUPLICATE_METHOD_MATCH = YES;
				COPY_PHASE_STRIP = NO;
				DEBUG_INFORMATION_FORMAT = "dwarf-with-dsym";
				ENABLE_NS_ASSERTIONS = NO;
				ENABLE_STRICT_OBJC_MSGSEND = YES;
				GCC_C_LANGUAGE_STANDARD = gnu11;
				GCC_NO_COMMON_BLOCKS = YES;
				GCC_WARN_64_TO_32_BIT_CONVERSION = YES;
				GCC_WARN_ABOUT_RETURN_TYPE = YES_ERROR;
				GCC_WARN_UNDECLARED_SELECTOR = YES;
				GCC_WARN_UNINITIALIZED_AUTOS = YES_AGGRESSIVE;
				GCC_WARN_UNUSED_FUNCTION = YES;
				GCC_WARN_UNUSED_VARIABLE = YES;
				IPHONEOS_DEPLOYMENT_TARGET = 14.1;
				MTL_ENABLE_DEBUG_INFO = NO;
				MTL_FAST_MATH = YES;
				SDKROOT = iphoneos;
				SWIFT_COMPILATION_MODE = wholemodule;
				SWIFT_OPTIMIZATION_LEVEL = "-O";
				VALIDATE_PRODUCT = YES;
			};
			name = Release;
		};
		2C5E88B525C078E800FCAE78 /* Debug */ = {
			isa = XCBuildConfiguration;
			buildSettings = {
				ASSETCATALOG_COMPILER_APPICON_NAME = AppIcon;
				ASSETCATALOG_COMPILER_GLOBAL_ACCENT_COLOR_NAME = AccentColor;
				CODE_SIGN_STYLE = Automatic;
				DEVELOPMENT_TEAM = BPVMHP7QWP;
				INFOPLIST_FILE = Chat/Info.plist;
				LD_RUNPATH_SEARCH_PATHS = (
					"$(inherited)",
					"@executable_path/Frameworks",
				);
				PRODUCT_BUNDLE_IDENTIFIER = ivan.Chat;
				PRODUCT_NAME = "$(TARGET_NAME)";
				SWIFT_VERSION = 5.0;
				TARGETED_DEVICE_FAMILY = "1,2";
			};
			name = Debug;
		};
		2C5E88B625C078E800FCAE78 /* Release */ = {
			isa = XCBuildConfiguration;
			buildSettings = {
				ASSETCATALOG_COMPILER_APPICON_NAME = AppIcon;
				ASSETCATALOG_COMPILER_GLOBAL_ACCENT_COLOR_NAME = AccentColor;
				CODE_SIGN_STYLE = Automatic;
				DEVELOPMENT_TEAM = BPVMHP7QWP;
				INFOPLIST_FILE = Chat/Info.plist;
				LD_RUNPATH_SEARCH_PATHS = (
					"$(inherited)",
					"@executable_path/Frameworks",
				);
				PRODUCT_BUNDLE_IDENTIFIER = ivan.Chat;
				PRODUCT_NAME = "$(TARGET_NAME)";
				SWIFT_VERSION = 5.0;
				TARGETED_DEVICE_FAMILY = "1,2";
			};
			name = Release;
		};
/* End XCBuildConfiguration section */

/* Begin XCConfigurationList section */
		2C5E889B25C078E600FCAE78 /* Build configuration list for PBXProject "Chat" */ = {
			isa = XCConfigurationList;
			buildConfigurations = (
				2C5E88B225C078E800FCAE78 /* Debug */,
				2C5E88B325C078E800FCAE78 /* Release */,
			);
			defaultConfigurationIsVisible = 0;
			defaultConfigurationName = Release;
		};
		2C5E88B425C078E800FCAE78 /* Build configuration list for PBXNativeTarget "Chat" */ = {
			isa = XCConfigurationList;
			buildConfigurations = (
				2C5E88B525C078E800FCAE78 /* Debug */,
				2C5E88B625C078E800FCAE78 /* Release */,
			);
			defaultConfigurationIsVisible = 0;
			defaultConfigurationName = Release;
		};
/* End XCConfigurationList section */
	};
	rootObject = 2C5E889825C078E600FCAE78 /* Project object */;
}
