// !$*UTF8*$!
{
	archiveVersion = 1;
	classes = {
	};
	objectVersion = 50;
	objects = {

/* Begin PBXBuildFile section */
		2C3234A525C1815800730E77 /* LoginViewController.swift in Sources */ = {isa = PBXBuildFile; fileRef = 2C3234A425C1815800730E77 /* LoginViewController.swift */; };
		2C3234A925C1947400730E77 /* SetupProfileViewController.swift in Sources */ = {isa = PBXBuildFile; fileRef = 2C3234A825C1947400730E77 /* SetupProfileViewController.swift */; };
		2C3234AC25C1970C00730E77 /* AddPhotoView.swift in Sources */ = {isa = PBXBuildFile; fileRef = 2C3234AB25C1970C00730E77 /* AddPhotoView.swift */; };
		2C3DA61E25C4053400CC79E9 /* people.json in Resources */ = {isa = PBXBuildFile; fileRef = 2C3DA61D25C4053400CC79E9 /* people.json */; };
		2C464CA725C1CC0D00EA6EA2 /* ListViewController.swift in Sources */ = {isa = PBXBuildFile; fileRef = 2C464CA625C1CC0D00EA6EA2 /* ListViewController.swift */; };
		2C464CAE25C1CEC000EA6EA2 /* MainTabBarController.swift in Sources */ = {isa = PBXBuildFile; fileRef = 2C464CAD25C1CEC000EA6EA2 /* MainTabBarController.swift */; };
		2C464CB125C1CF1200EA6EA2 /* PeopleViewController.swift in Sources */ = {isa = PBXBuildFile; fileRef = 2C464CB025C1CF1200EA6EA2 /* PeopleViewController.swift */; };
		2C4FD7FF25C2A56D00859014 /* SectionHeader.swift in Sources */ = {isa = PBXBuildFile; fileRef = 2C4FD7FE25C2A56D00859014 /* SectionHeader.swift */; };
		2C538E6525C40E5D0088EB39 /* UserCell.swift in Sources */ = {isa = PBXBuildFile; fileRef = 2C538E6425C40E5D0088EB39 /* UserCell.swift */; };
		2C538E6825C410440088EB39 /* UIViewController + Extension.swift in Sources */ = {isa = PBXBuildFile; fileRef = 2C538E6725C410440088EB39 /* UIViewController + Extension.swift */; };
		2C5E88A425C078E600FCAE78 /* AppDelegate.swift in Sources */ = {isa = PBXBuildFile; fileRef = 2C5E88A325C078E600FCAE78 /* AppDelegate.swift */; };
		2C5E88A625C078E600FCAE78 /* SceneDelegate.swift in Sources */ = {isa = PBXBuildFile; fileRef = 2C5E88A525C078E600FCAE78 /* SceneDelegate.swift */; };
		2C5E88A825C078E600FCAE78 /* AuthViewController.swift in Sources */ = {isa = PBXBuildFile; fileRef = 2C5E88A725C078E600FCAE78 /* AuthViewController.swift */; };
		2C5E88AD25C078E800FCAE78 /* Assets.xcassets in Resources */ = {isa = PBXBuildFile; fileRef = 2C5E88AC25C078E800FCAE78 /* Assets.xcassets */; };
		2C5E88B025C078E800FCAE78 /* LaunchScreen.storyboard in Resources */ = {isa = PBXBuildFile; fileRef = 2C5E88AE25C078E800FCAE78 /* LaunchScreen.storyboard */; };
		2C5E88BB25C0873C00FCAE78 /* UIButton + Extension.swift in Sources */ = {isa = PBXBuildFile; fileRef = 2C5E88BA25C0873C00FCAE78 /* UIButton + Extension.swift */; };
		2C5E88BE25C098A500FCAE78 /* UIFont + Extension.swift in Sources */ = {isa = PBXBuildFile; fileRef = 2C5E88BD25C098A500FCAE78 /* UIFont + Extension.swift */; };
		2C5E88C125C09AB400FCAE78 /* UIColor + Extension.swift in Sources */ = {isa = PBXBuildFile; fileRef = 2C5E88C025C09AB400FCAE78 /* UIColor + Extension.swift */; };
		2C5E88C425C09CF300FCAE78 /* UILabel + Extension.swift in Sources */ = {isa = PBXBuildFile; fileRef = 2C5E88C325C09CF300FCAE78 /* UILabel + Extension.swift */; };
		2C5E88C725C09DF000FCAE78 /* UIImageView + Extension.swift in Sources */ = {isa = PBXBuildFile; fileRef = 2C5E88C625C09DF000FCAE78 /* UIImageView + Extension.swift */; };
		2C5E88CF25C0A09E00FCAE78 /* ButtonFormView.swift in Sources */ = {isa = PBXBuildFile; fileRef = 2C5E88CE25C0A09E00FCAE78 /* ButtonFormView.swift */; };
		2C5E88D225C0A5A700FCAE78 /* UIStackView + Extension.swift in Sources */ = {isa = PBXBuildFile; fileRef = 2C5E88D125C0A5A700FCAE78 /* UIStackView + Extension.swift */; };
		2C5E88D825C0B67800FCAE78 /* SignUpViewController.swift in Sources */ = {isa = PBXBuildFile; fileRef = 2C5E88D725C0B67800FCAE78 /* SignUpViewController.swift */; };
		2C5E88DB25C0B98900FCAE78 /* OneLineTextField.swift in Sources */ = {isa = PBXBuildFile; fileRef = 2C5E88DA25C0B98900FCAE78 /* OneLineTextField.swift */; };
		2C5FD83D25C2A08000431261 /* WaitingChatCell.swift in Sources */ = {isa = PBXBuildFile; fileRef = 2C5FD83C25C2A08000431261 /* WaitingChatCell.swift */; };
		2C5FD84025C2A1D700431261 /* SelfConfiguringCell.swift in Sources */ = {isa = PBXBuildFile; fileRef = 2C5FD83F25C2A1D700431261 /* SelfConfiguringCell.swift */; };
		2C6699C625C6A29C00354481 /* ProfileViewController.swift in Sources */ = {isa = PBXBuildFile; fileRef = 2C6699C525C6A29C00354481 /* ProfileViewController.swift */; };
		2C6699C925C6CBF400354481 /* InsertableTextField.swift in Sources */ = {isa = PBXBuildFile; fileRef = 2C6699C825C6CBF400354481 /* InsertableTextField.swift */; };
		2C6699CC25C6D12A00354481 /* UIView + Extension.swift in Sources */ = {isa = PBXBuildFile; fileRef = 2C6699CB25C6D12A00354481 /* UIView + Extension.swift */; };
		2C6CF45825C207BE0032BC48 /* activeChats.json in Resources */ = {isa = PBXBuildFile; fileRef = 2C6CF45725C207BE0032BC48 /* activeChats.json */; };
		2C6CF45B25C207EE0032BC48 /* waitingChats.json in Resources */ = {isa = PBXBuildFile; fileRef = 2C6CF45A25C207EE0032BC48 /* waitingChats.json */; };
		2C6CF45E25C208190032BC48 /* Bundle-Decodable.swift in Sources */ = {isa = PBXBuildFile; fileRef = 2C6CF45D25C208190032BC48 /* Bundle-Decodable.swift */; };
		2C6CF46225C2112E0032BC48 /* ActiveChatCell.swift in Sources */ = {isa = PBXBuildFile; fileRef = 2C6CF46125C2112E0032BC48 /* ActiveChatCell.swift */; };
		2C6CF46625C2261C0032BC48 /* GradientView.swift in Sources */ = {isa = PBXBuildFile; fileRef = 2C6CF46525C2261C0032BC48 /* GradientView.swift */; };
		2CA8F64725C1A2EB00331B3D /* SegmentedControl + Extension.swift in Sources */ = {isa = PBXBuildFile; fileRef = 2CA8F64625C1A2EB00331B3D /* SegmentedControl + Extension.swift */; };
		2CAAC8BE25C2D8C4005A5F14 /* MUser.swift in Sources */ = {isa = PBXBuildFile; fileRef = 2CAAC8BD25C2D8C4005A5F14 /* MUser.swift */; };
		2CAAC8C125C2D8EA005A5F14 /* MChat.swift in Sources */ = {isa = PBXBuildFile; fileRef = 2CAAC8C025C2D8EA005A5F14 /* MChat.swift */; };
		2CD9EF2C25C7387300E7F341 /* ChatRequestViewController.swift in Sources */ = {isa = PBXBuildFile; fileRef = 2CD9EF2B25C7387300E7F341 /* ChatRequestViewController.swift */; };
		2CD9EF3025C7462400E7F341 /* GoogleService-Info.plist in Resources */ = {isa = PBXBuildFile; fileRef = 2CD9EF2F25C7462400E7F341 /* GoogleService-Info.plist */; };
		C2D8CAD29F8FBAD97416420F /* Pods_Chat.framework in Frameworks */ = {isa = PBXBuildFile; fileRef = 9408021E6E9C263A42044232 /* Pods_Chat.framework */; };
/* End PBXBuildFile section */

/* Begin PBXFileReference section */
		2C3234A425C1815800730E77 /* LoginViewController.swift */ = {isa = PBXFileReference; lastKnownFileType = sourcecode.swift; path = LoginViewController.swift; sourceTree = "<group>"; };
		2C3234A825C1947400730E77 /* SetupProfileViewController.swift */ = {isa = PBXFileReference; lastKnownFileType = sourcecode.swift; path = SetupProfileViewController.swift; sourceTree = "<group>"; };
		2C3234AB25C1970C00730E77 /* AddPhotoView.swift */ = {isa = PBXFileReference; lastKnownFileType = sourcecode.swift; path = AddPhotoView.swift; sourceTree = "<group>"; };
		2C3DA61D25C4053400CC79E9 /* people.json */ = {isa = PBXFileReference; lastKnownFileType = text.json; path = people.json; sourceTree = "<group>"; };
		2C464CA625C1CC0D00EA6EA2 /* ListViewController.swift */ = {isa = PBXFileReference; lastKnownFileType = sourcecode.swift; path = ListViewController.swift; sourceTree = "<group>"; };
		2C464CAD25C1CEC000EA6EA2 /* MainTabBarController.swift */ = {isa = PBXFileReference; lastKnownFileType = sourcecode.swift; path = MainTabBarController.swift; sourceTree = "<group>"; };
		2C464CB025C1CF1200EA6EA2 /* PeopleViewController.swift */ = {isa = PBXFileReference; lastKnownFileType = sourcecode.swift; path = PeopleViewController.swift; sourceTree = "<group>"; };
		2C4FD7FE25C2A56D00859014 /* SectionHeader.swift */ = {isa = PBXFileReference; lastKnownFileType = sourcecode.swift; path = SectionHeader.swift; sourceTree = "<group>"; };
		2C538E6425C40E5D0088EB39 /* UserCell.swift */ = {isa = PBXFileReference; lastKnownFileType = sourcecode.swift; path = UserCell.swift; sourceTree = "<group>"; };
		2C538E6725C410440088EB39 /* UIViewController + Extension.swift */ = {isa = PBXFileReference; lastKnownFileType = sourcecode.swift; path = "UIViewController + Extension.swift"; sourceTree = "<group>"; };
		2C5E88A025C078E600FCAE78 /* Chat.app */ = {isa = PBXFileReference; explicitFileType = wrapper.application; includeInIndex = 0; path = Chat.app; sourceTree = BUILT_PRODUCTS_DIR; };
		2C5E88A325C078E600FCAE78 /* AppDelegate.swift */ = {isa = PBXFileReference; lastKnownFileType = sourcecode.swift; path = AppDelegate.swift; sourceTree = "<group>"; };
		2C5E88A525C078E600FCAE78 /* SceneDelegate.swift */ = {isa = PBXFileReference; lastKnownFileType = sourcecode.swift; path = SceneDelegate.swift; sourceTree = "<group>"; };
		2C5E88A725C078E600FCAE78 /* AuthViewController.swift */ = {isa = PBXFileReference; lastKnownFileType = sourcecode.swift; path = AuthViewController.swift; sourceTree = "<group>"; };
		2C5E88AC25C078E800FCAE78 /* Assets.xcassets */ = {isa = PBXFileReference; lastKnownFileType = folder.assetcatalog; path = Assets.xcassets; sourceTree = "<group>"; };
		2C5E88AF25C078E800FCAE78 /* Base */ = {isa = PBXFileReference; lastKnownFileType = file.storyboard; name = Base; path = Base.lproj/LaunchScreen.storyboard; sourceTree = "<group>"; };
		2C5E88B125C078E800FCAE78 /* Info.plist */ = {isa = PBXFileReference; lastKnownFileType = text.plist.xml; path = Info.plist; sourceTree = "<group>"; };
		2C5E88BA25C0873C00FCAE78 /* UIButton + Extension.swift */ = {isa = PBXFileReference; lastKnownFileType = sourcecode.swift; path = "UIButton + Extension.swift"; sourceTree = "<group>"; };
		2C5E88BD25C098A500FCAE78 /* UIFont + Extension.swift */ = {isa = PBXFileReference; lastKnownFileType = sourcecode.swift; path = "UIFont + Extension.swift"; sourceTree = "<group>"; };
		2C5E88C025C09AB400FCAE78 /* UIColor + Extension.swift */ = {isa = PBXFileReference; lastKnownFileType = sourcecode.swift; path = "UIColor + Extension.swift"; sourceTree = "<group>"; };
		2C5E88C325C09CF300FCAE78 /* UILabel + Extension.swift */ = {isa = PBXFileReference; lastKnownFileType = sourcecode.swift; path = "UILabel + Extension.swift"; sourceTree = "<group>"; };
		2C5E88C625C09DF000FCAE78 /* UIImageView + Extension.swift */ = {isa = PBXFileReference; lastKnownFileType = sourcecode.swift; path = "UIImageView + Extension.swift"; sourceTree = "<group>"; };
		2C5E88CE25C0A09E00FCAE78 /* ButtonFormView.swift */ = {isa = PBXFileReference; lastKnownFileType = sourcecode.swift; path = ButtonFormView.swift; sourceTree = "<group>"; };
		2C5E88D125C0A5A700FCAE78 /* UIStackView + Extension.swift */ = {isa = PBXFileReference; lastKnownFileType = sourcecode.swift; path = "UIStackView + Extension.swift"; sourceTree = "<group>"; };
		2C5E88D725C0B67800FCAE78 /* SignUpViewController.swift */ = {isa = PBXFileReference; lastKnownFileType = sourcecode.swift; path = SignUpViewController.swift; sourceTree = "<group>"; };
		2C5E88DA25C0B98900FCAE78 /* OneLineTextField.swift */ = {isa = PBXFileReference; lastKnownFileType = sourcecode.swift; path = OneLineTextField.swift; sourceTree = "<group>"; };
		2C5FD83C25C2A08000431261 /* WaitingChatCell.swift */ = {isa = PBXFileReference; lastKnownFileType = sourcecode.swift; path = WaitingChatCell.swift; sourceTree = "<group>"; };
		2C5FD83F25C2A1D700431261 /* SelfConfiguringCell.swift */ = {isa = PBXFileReference; lastKnownFileType = sourcecode.swift; path = SelfConfiguringCell.swift; sourceTree = "<group>"; };
		2C6699C525C6A29C00354481 /* ProfileViewController.swift */ = {isa = PBXFileReference; lastKnownFileType = sourcecode.swift; path = ProfileViewController.swift; sourceTree = "<group>"; };
		2C6699C825C6CBF400354481 /* InsertableTextField.swift */ = {isa = PBXFileReference; lastKnownFileType = sourcecode.swift; path = InsertableTextField.swift; sourceTree = "<group>"; };
		2C6699CB25C6D12A00354481 /* UIView + Extension.swift */ = {isa = PBXFileReference; lastKnownFileType = sourcecode.swift; path = "UIView + Extension.swift"; sourceTree = "<group>"; };
		2C6CF45725C207BE0032BC48 /* activeChats.json */ = {isa = PBXFileReference; lastKnownFileType = text.json; path = activeChats.json; sourceTree = "<group>"; };
		2C6CF45A25C207EE0032BC48 /* waitingChats.json */ = {isa = PBXFileReference; lastKnownFileType = text.json; path = waitingChats.json; sourceTree = "<group>"; };
		2C6CF45D25C208190032BC48 /* Bundle-Decodable.swift */ = {isa = PBXFileReference; lastKnownFileType = sourcecode.swift; path = "Bundle-Decodable.swift"; sourceTree = "<group>"; };
		2C6CF46125C2112E0032BC48 /* ActiveChatCell.swift */ = {isa = PBXFileReference; lastKnownFileType = sourcecode.swift; path = ActiveChatCell.swift; sourceTree = "<group>"; };
		2C6CF46525C2261C0032BC48 /* GradientView.swift */ = {isa = PBXFileReference; lastKnownFileType = sourcecode.swift; path = GradientView.swift; sourceTree = "<group>"; };
		2CA8F64625C1A2EB00331B3D /* SegmentedControl + Extension.swift */ = {isa = PBXFileReference; lastKnownFileType = sourcecode.swift; path = "SegmentedControl + Extension.swift"; sourceTree = "<group>"; };
		2CAAC8BD25C2D8C4005A5F14 /* MUser.swift */ = {isa = PBXFileReference; lastKnownFileType = sourcecode.swift; path = MUser.swift; sourceTree = "<group>"; };
		2CAAC8C025C2D8EA005A5F14 /* MChat.swift */ = {isa = PBXFileReference; lastKnownFileType = sourcecode.swift; path = MChat.swift; sourceTree = "<group>"; };
		2CD9EF2B25C7387300E7F341 /* ChatRequestViewController.swift */ = {isa = PBXFileReference; lastKnownFileType = sourcecode.swift; path = ChatRequestViewController.swift; sourceTree = "<group>"; };
		2CD9EF2F25C7462400E7F341 /* GoogleService-Info.plist */ = {isa = PBXFileReference; fileEncoding = 4; lastKnownFileType = text.plist.xml; path = "GoogleService-Info.plist"; sourceTree = "<group>"; };
		3ECDD829DB0F5E383B1D754D /* Pods-Chat.release.xcconfig */ = {isa = PBXFileReference; includeInIndex = 1; lastKnownFileType = text.xcconfig; name = "Pods-Chat.release.xcconfig"; path = "Target Support Files/Pods-Chat/Pods-Chat.release.xcconfig"; sourceTree = "<group>"; };
		9408021E6E9C263A42044232 /* Pods_Chat.framework */ = {isa = PBXFileReference; explicitFileType = wrapper.framework; includeInIndex = 0; path = Pods_Chat.framework; sourceTree = BUILT_PRODUCTS_DIR; };
		B0D466733F5B4095B00572C2 /* Pods-Chat.debug.xcconfig */ = {isa = PBXFileReference; includeInIndex = 1; lastKnownFileType = text.xcconfig; name = "Pods-Chat.debug.xcconfig"; path = "Target Support Files/Pods-Chat/Pods-Chat.debug.xcconfig"; sourceTree = "<group>"; };
/* End PBXFileReference section */

/* Begin PBXFrameworksBuildPhase section */
		2C5E889D25C078E600FCAE78 /* Frameworks */ = {
			isa = PBXFrameworksBuildPhase;
			buildActionMask = 2147483647;
			files = (
				C2D8CAD29F8FBAD97416420F /* Pods_Chat.framework in Frameworks */,
			);
			runOnlyForDeploymentPostprocessing = 0;
		};
/* End PBXFrameworksBuildPhase section */

/* Begin PBXGroup section */
		2C3DA61B25C4046300CC79E9 /* Model */ = {
			isa = PBXGroup;
			children = (
				2CAAC8BD25C2D8C4005A5F14 /* MUser.swift */,
				2CAAC8C025C2D8EA005A5F14 /* MChat.swift */,
			);
			path = Model;
			sourceTree = "<group>";
		};
		2C3DA62025C405CF00CC79E9 /* Header */ = {
			isa = PBXGroup;
			children = (
				2C4FD7FE25C2A56D00859014 /* SectionHeader.swift */,
			);
			path = Header;
			sourceTree = "<group>";
		};
		2C464CA925C1CE6E00EA6EA2 /* SignIn&Auth */ = {
			isa = PBXGroup;
			children = (
				2C5E88A725C078E600FCAE78 /* AuthViewController.swift */,
				2C5E88D725C0B67800FCAE78 /* SignUpViewController.swift */,
				2C3234A425C1815800730E77 /* LoginViewController.swift */,
				2C3234A825C1947400730E77 /* SetupProfileViewController.swift */,
			);
			path = "SignIn&Auth";
			sourceTree = "<group>";
		};
		2C464CAB25C1CE9300EA6EA2 /* Controllers */ = {
			isa = PBXGroup;
			children = (
				2C6CF46025C211090032BC48 /* Cell */,
				2C3DA62025C405CF00CC79E9 /* Header */,
				2C464CAD25C1CEC000EA6EA2 /* MainTabBarController.swift */,
				2C464CA625C1CC0D00EA6EA2 /* ListViewController.swift */,
				2C464CB025C1CF1200EA6EA2 /* PeopleViewController.swift */,
			);
			path = Controllers;
			sourceTree = "<group>";
		};
		2C5E889725C078E600FCAE78 = {
			isa = PBXGroup;
			children = (
				2C5E88A225C078E600FCAE78 /* Chat */,
				2C5E88A125C078E600FCAE78 /* Products */,
				D225536E35545CA96E531226 /* Pods */,
				E23652F3D74214F0202C202E /* Frameworks */,
			);
			sourceTree = "<group>";
		};
		2C5E88A125C078E600FCAE78 /* Products */ = {
			isa = PBXGroup;
			children = (
				2C5E88A025C078E600FCAE78 /* Chat.app */,
			);
			name = Products;
			sourceTree = "<group>";
		};
		2C5E88A225C078E600FCAE78 /* Chat */ = {
			isa = PBXGroup;
			children = (
				2C5E88A325C078E600FCAE78 /* AppDelegate.swift */,
				2C5E88A525C078E600FCAE78 /* SceneDelegate.swift */,
				2C3DA61B25C4046300CC79E9 /* Model */,
				2C464CAB25C1CE9300EA6EA2 /* Controllers */,
				2C464CA925C1CE6E00EA6EA2 /* SignIn&Auth */,
				2C5FD84225C2A1F600431261 /* Protocols */,
				2C5E88CC25C09F4100FCAE78 /* Extensions */,
				2C6CF45725C207BE0032BC48 /* activeChats.json */,
				2C6CF45A25C207EE0032BC48 /* waitingChats.json */,
				2C3DA61D25C4053400CC79E9 /* people.json */,
				2C5E88AC25C078E800FCAE78 /* Assets.xcassets */,
				2C5E88AE25C078E800FCAE78 /* LaunchScreen.storyboard */,
				2C5E88B125C078E800FCAE78 /* Info.plist */,
				2CD9EF2F25C7462400E7F341 /* GoogleService-Info.plist */,
			);
			path = Chat;
			sourceTree = "<group>";
		};
		2C5E88CA25C09F3100FCAE78 /* UIKit */ = {
			isa = PBXGroup;
			children = (
				2C5E88C625C09DF000FCAE78 /* UIImageView + Extension.swift */,
				2C538E6725C410440088EB39 /* UIViewController + Extension.swift */,
				2C5E88C325C09CF300FCAE78 /* UILabel + Extension.swift */,
				2C5E88C025C09AB400FCAE78 /* UIColor + Extension.swift */,
				2C5E88BD25C098A500FCAE78 /* UIFont + Extension.swift */,
				2C5E88BA25C0873C00FCAE78 /* UIButton + Extension.swift */,
				2C6699CB25C6D12A00354481 /* UIView + Extension.swift */,
				2C5E88D125C0A5A700FCAE78 /* UIStackView + Extension.swift */,
				2CA8F64625C1A2EB00331B3D /* SegmentedControl + Extension.swift */,
			);
			path = UIKit;
			sourceTree = "<group>";
		};
		2C5E88CC25C09F4100FCAE78 /* Extensions */ = {
			isa = PBXGroup;
			children = (
				2C3234AB25C1970C00730E77 /* AddPhotoView.swift */,
				2C5E88CE25C0A09E00FCAE78 /* ButtonFormView.swift */,
				2C5E88DA25C0B98900FCAE78 /* OneLineTextField.swift */,
				2C6CF45D25C208190032BC48 /* Bundle-Decodable.swift */,
				2C6CF46525C2261C0032BC48 /* GradientView.swift */,
				2C6699C825C6CBF400354481 /* InsertableTextField.swift */,
				2C5E88CA25C09F3100FCAE78 /* UIKit */,
			);
			path = Extensions;
			sourceTree = "<group>";
		};
		2C5FD84225C2A1F600431261 /* Protocols */ = {
			isa = PBXGroup;
			children = (
				2C5FD83F25C2A1D700431261 /* SelfConfiguringCell.swift */,
			);
			path = Protocols;
			sourceTree = "<group>";
		};
		2C6CF46025C211090032BC48 /* Cell */ = {
			isa = PBXGroup;
			children = (
				2C6CF46125C2112E0032BC48 /* ActiveChatCell.swift */,
				2C5FD83C25C2A08000431261 /* WaitingChatCell.swift */,
				2C6699C525C6A29C00354481 /* ProfileViewController.swift */,
				2CD9EF2B25C7387300E7F341 /* ChatRequestViewController.swift */,
				2C538E6425C40E5D0088EB39 /* UserCell.swift */,
			);
			path = Cell;
			sourceTree = "<group>";
		};
		D225536E35545CA96E531226 /* Pods */ = {
			isa = PBXGroup;
			children = (
				B0D466733F5B4095B00572C2 /* Pods-Chat.debug.xcconfig */,
				3ECDD829DB0F5E383B1D754D /* Pods-Chat.release.xcconfig */,
			);
			name = Pods;
			path = Pods;
			sourceTree = "<group>";
		};
		E23652F3D74214F0202C202E /* Frameworks */ = {
			isa = PBXGroup;
			children = (
				9408021E6E9C263A42044232 /* Pods_Chat.framework */,
			);
			name = Frameworks;
			sourceTree = "<group>";
		};
/* End PBXGroup section */

/* Begin PBXNativeTarget section */
		2C5E889F25C078E600FCAE78 /* Chat */ = {
			isa = PBXNativeTarget;
			buildConfigurationList = 2C5E88B425C078E800FCAE78 /* Build configuration list for PBXNativeTarget "Chat" */;
			buildPhases = (
				CC233D3160B83B9A5708C24F /* [CP] Check Pods Manifest.lock */,
				2C5E889C25C078E600FCAE78 /* Sources */,
				2C5E889D25C078E600FCAE78 /* Frameworks */,
				2C5E889E25C078E600FCAE78 /* Resources */,
				BBB09991E99C2D996C5BD8A3 /* [CP] Embed Pods Frameworks */,
			);
			buildRules = (
			);
			dependencies = (
			);
			name = Chat;
			productName = Chat;
			productReference = 2C5E88A025C078E600FCAE78 /* Chat.app */;
			productType = "com.apple.product-type.application";
		};
/* End PBXNativeTarget section */

/* Begin PBXProject section */
		2C5E889825C078E600FCAE78 /* Project object */ = {
			isa = PBXProject;
			attributes = {
				LastSwiftUpdateCheck = 1210;
				LastUpgradeCheck = 1210;
				TargetAttributes = {
					2C5E889F25C078E600FCAE78 = {
						CreatedOnToolsVersion = 12.1;
					};
				};
			};
			buildConfigurationList = 2C5E889B25C078E600FCAE78 /* Build configuration list for PBXProject "Chat" */;
			compatibilityVersion = "Xcode 9.3";
			developmentRegion = en;
			hasScannedForEncodings = 0;
			knownRegions = (
				en,
				Base,
			);
			mainGroup = 2C5E889725C078E600FCAE78;
			productRefGroup = 2C5E88A125C078E600FCAE78 /* Products */;
			projectDirPath = "";
			projectRoot = "";
			targets = (
				2C5E889F25C078E600FCAE78 /* Chat */,
			);
		};
/* End PBXProject section */

/* Begin PBXResourcesBuildPhase section */
		2C5E889E25C078E600FCAE78 /* Resources */ = {
			isa = PBXResourcesBuildPhase;
			buildActionMask = 2147483647;
			files = (
				2C5E88B025C078E800FCAE78 /* LaunchScreen.storyboard in Resources */,
				2C3DA61E25C4053400CC79E9 /* people.json in Resources */,
				2C6CF45825C207BE0032BC48 /* activeChats.json in Resources */,
				2C5E88AD25C078E800FCAE78 /* Assets.xcassets in Resources */,
				2C6CF45B25C207EE0032BC48 /* waitingChats.json in Resources */,
				2CD9EF3025C7462400E7F341 /* GoogleService-Info.plist in Resources */,
			);
			runOnlyForDeploymentPostprocessing = 0;
		};
/* End PBXResourcesBuildPhase section */

/* Begin PBXShellScriptBuildPhase section */
		BBB09991E99C2D996C5BD8A3 /* [CP] Embed Pods Frameworks */ = {
			isa = PBXShellScriptBuildPhase;
			buildActionMask = 2147483647;
			files = (
			);
			inputFileListPaths = (
				"${PODS_ROOT}/Target Support Files/Pods-Chat/Pods-Chat-frameworks-${CONFIGURATION}-input-files.xcfilelist",
			);
			name = "[CP] Embed Pods Frameworks";
			outputFileListPaths = (
				"${PODS_ROOT}/Target Support Files/Pods-Chat/Pods-Chat-frameworks-${CONFIGURATION}-output-files.xcfilelist",
			);
			runOnlyForDeploymentPostprocessing = 0;
			shellPath = /bin/sh;
			shellScript = "\"${PODS_ROOT}/Target Support Files/Pods-Chat/Pods-Chat-frameworks.sh\"\n";
			showEnvVarsInLog = 0;
		};
		CC233D3160B83B9A5708C24F /* [CP] Check Pods Manifest.lock */ = {
			isa = PBXShellScriptBuildPhase;
			buildActionMask = 2147483647;
			files = (
			);
			inputFileListPaths = (
			);
			inputPaths = (
				"${PODS_PODFILE_DIR_PATH}/Podfile.lock",
				"${PODS_ROOT}/Manifest.lock",
			);
			name = "[CP] Check Pods Manifest.lock";
			outputFileListPaths = (
			);
			outputPaths = (
				"$(DERIVED_FILE_DIR)/Pods-Chat-checkManifestLockResult.txt",
			);
			runOnlyForDeploymentPostprocessing = 0;
			shellPath = /bin/sh;
			shellScript = "diff \"${PODS_PODFILE_DIR_PATH}/Podfile.lock\" \"${PODS_ROOT}/Manifest.lock\" > /dev/null\nif [ $? != 0 ] ; then\n    # print error to STDERR\n    echo \"error: The sandbox is not in sync with the Podfile.lock. Run 'pod install' or update your CocoaPods installation.\" >&2\n    exit 1\nfi\n# This output is used by Xcode 'outputs' to avoid re-running this script phase.\necho \"SUCCESS\" > \"${SCRIPT_OUTPUT_FILE_0}\"\n";
			showEnvVarsInLog = 0;
		};
/* End PBXShellScriptBuildPhase section */

/* Begin PBXSourcesBuildPhase section */
		2C5E889C25C078E600FCAE78 /* Sources */ = {
			isa = PBXSourcesBuildPhase;
			buildActionMask = 2147483647;
			files = (
				2CAAC8C125C2D8EA005A5F14 /* MChat.swift in Sources */,
				2C464CA725C1CC0D00EA6EA2 /* ListViewController.swift in Sources */,
				2C5E88DB25C0B98900FCAE78 /* OneLineTextField.swift in Sources */,
				2C4FD7FF25C2A56D00859014 /* SectionHeader.swift in Sources */,
				2C6CF46625C2261C0032BC48 /* GradientView.swift in Sources */,
				2C464CAE25C1CEC000EA6EA2 /* MainTabBarController.swift in Sources */,
				2C5E88D825C0B67800FCAE78 /* SignUpViewController.swift in Sources */,
				2CAAC8BE25C2D8C4005A5F14 /* MUser.swift in Sources */,
				2C6CF46225C2112E0032BC48 /* ActiveChatCell.swift in Sources */,
				2C5E88BE25C098A500FCAE78 /* UIFont + Extension.swift in Sources */,
				2C6699C925C6CBF400354481 /* InsertableTextField.swift in Sources */,
				2C464CB125C1CF1200EA6EA2 /* PeopleViewController.swift in Sources */,
				2C5E88A825C078E600FCAE78 /* AuthViewController.swift in Sources */,
				2C6699C625C6A29C00354481 /* ProfileViewController.swift in Sources */,
				2C6CF45E25C208190032BC48 /* Bundle-Decodable.swift in Sources */,
				2C3234A925C1947400730E77 /* SetupProfileViewController.swift in Sources */,
				2C5E88C425C09CF300FCAE78 /* UILabel + Extension.swift in Sources */,
				2C5E88CF25C0A09E00FCAE78 /* ButtonFormView.swift in Sources */,
				2C3234AC25C1970C00730E77 /* AddPhotoView.swift in Sources */,
				2C5E88A425C078E600FCAE78 /* AppDelegate.swift in Sources */,
				2C6699CC25C6D12A00354481 /* UIView + Extension.swift in Sources */,
				2C5E88C725C09DF000FCAE78 /* UIImageView + Extension.swift in Sources */,
				2CA8F64725C1A2EB00331B3D /* SegmentedControl + Extension.swift in Sources */,
				2C538E6525C40E5D0088EB39 /* UserCell.swift in Sources */,
				2C538E6825C410440088EB39 /* UIViewController + Extension.swift in Sources */,
				2C5FD84025C2A1D700431261 /* SelfConfiguringCell.swift in Sources */,
				2C5FD83D25C2A08000431261 /* WaitingChatCell.swift in Sources */,
				2C5E88C125C09AB400FCAE78 /* UIColor + Extension.swift in Sources */,
				2C5E88A625C078E600FCAE78 /* SceneDelegate.swift in Sources */,
				2C5E88BB25C0873C00FCAE78 /* UIButton + Extension.swift in Sources */,
				2C3234A525C1815800730E77 /* LoginViewController.swift in Sources */,
				2C5E88D225C0A5A700FCAE78 /* UIStackView + Extension.swift in Sources */,
				2CD9EF2C25C7387300E7F341 /* ChatRequestViewController.swift in Sources */,
			);
			runOnlyForDeploymentPostprocessing = 0;
		};
/* End PBXSourcesBuildPhase section */

/* Begin PBXVariantGroup section */
		2C5E88AE25C078E800FCAE78 /* LaunchScreen.storyboard */ = {
			isa = PBXVariantGroup;
			children = (
				2C5E88AF25C078E800FCAE78 /* Base */,
			);
			name = LaunchScreen.storyboard;
			sourceTree = "<group>";
		};
/* End PBXVariantGroup section */

/* Begin XCBuildConfiguration section */
		2C5E88B225C078E800FCAE78 /* Debug */ = {
			isa = XCBuildConfiguration;
			buildSettings = {
				ALWAYS_SEARCH_USER_PATHS = NO;
				CLANG_ANALYZER_NONNULL = YES;
				CLANG_ANALYZER_NUMBER_OBJECT_CONVERSION = YES_AGGRESSIVE;
				CLANG_CXX_LANGUAGE_STANDARD = "gnu++14";
				CLANG_CXX_LIBRARY = "libc++";
				CLANG_ENABLE_MODULES = YES;
				CLANG_ENABLE_OBJC_ARC = YES;
				CLANG_ENABLE_OBJC_WEAK = YES;
				CLANG_WARN_BLOCK_CAPTURE_AUTORELEASING = YES;
				CLANG_WARN_BOOL_CONVERSION = YES;
				CLANG_WARN_COMMA = YES;
				CLANG_WARN_CONSTANT_CONVERSION = YES;
				CLANG_WARN_DEPRECATED_OBJC_IMPLEMENTATIONS = YES;
				CLANG_WARN_DIRECT_OBJC_ISA_USAGE = YES_ERROR;
				CLANG_WARN_DOCUMENTATION_COMMENTS = YES;
				CLANG_WARN_EMPTY_BODY = YES;
				CLANG_WARN_ENUM_CONVERSION = YES;
				CLANG_WARN_INFINITE_RECURSION = YES;
				CLANG_WARN_INT_CONVERSION = YES;
				CLANG_WARN_NON_LITERAL_NULL_CONVERSION = YES;
				CLANG_WARN_OBJC_IMPLICIT_RETAIN_SELF = YES;
				CLANG_WARN_OBJC_LITERAL_CONVERSION = YES;
				CLANG_WARN_OBJC_ROOT_CLASS = YES_ERROR;
				CLANG_WARN_QUOTED_INCLUDE_IN_FRAMEWORK_HEADER = YES;
				CLANG_WARN_RANGE_LOOP_ANALYSIS = YES;
				CLANG_WARN_STRICT_PROTOTYPES = YES;
				CLANG_WARN_SUSPICIOUS_MOVE = YES;
				CLANG_WARN_UNGUARDED_AVAILABILITY = YES_AGGRESSIVE;
				CLANG_WARN_UNREACHABLE_CODE = YES;
				CLANG_WARN__DUPLICATE_METHOD_MATCH = YES;
				COPY_PHASE_STRIP = NO;
				DEBUG_INFORMATION_FORMAT = dwarf;
				ENABLE_STRICT_OBJC_MSGSEND = YES;
				ENABLE_TESTABILITY = YES;
				GCC_C_LANGUAGE_STANDARD = gnu11;
				GCC_DYNAMIC_NO_PIC = NO;
				GCC_NO_COMMON_BLOCKS = YES;
				GCC_OPTIMIZATION_LEVEL = 0;
				GCC_PREPROCESSOR_DEFINITIONS = (
					"DEBUG=1",
					"$(inherited)",
				);
				GCC_WARN_64_TO_32_BIT_CONVERSION = YES;
				GCC_WARN_ABOUT_RETURN_TYPE = YES_ERROR;
				GCC_WARN_UNDECLARED_SELECTOR = YES;
				GCC_WARN_UNINITIALIZED_AUTOS = YES_AGGRESSIVE;
				GCC_WARN_UNUSED_FUNCTION = YES;
				GCC_WARN_UNUSED_VARIABLE = YES;
				IPHONEOS_DEPLOYMENT_TARGET = 14.1;
				MTL_ENABLE_DEBUG_INFO = INCLUDE_SOURCE;
				MTL_FAST_MATH = YES;
				ONLY_ACTIVE_ARCH = YES;
				SDKROOT = iphoneos;
				SWIFT_ACTIVE_COMPILATION_CONDITIONS = DEBUG;
				SWIFT_OPTIMIZATION_LEVEL = "-Onone";
			};
			name = Debug;
		};
		2C5E88B325C078E800FCAE78 /* Release */ = {
			isa = XCBuildConfiguration;
			buildSettings = {
				ALWAYS_SEARCH_USER_PATHS = NO;
				CLANG_ANALYZER_NONNULL = YES;
				CLANG_ANALYZER_NUMBER_OBJECT_CONVERSION = YES_AGGRESSIVE;
				CLANG_CXX_LANGUAGE_STANDARD = "gnu++14";
				CLANG_CXX_LIBRARY = "libc++";
				CLANG_ENABLE_MODULES = YES;
				CLANG_ENABLE_OBJC_ARC = YES;
				CLANG_ENABLE_OBJC_WEAK = YES;
				CLANG_WARN_BLOCK_CAPTURE_AUTORELEASING = YES;
				CLANG_WARN_BOOL_CONVERSION = YES;
				CLANG_WARN_COMMA = YES;
				CLANG_WARN_CONSTANT_CONVERSION = YES;
				CLANG_WARN_DEPRECATED_OBJC_IMPLEMENTATIONS = YES;
				CLANG_WARN_DIRECT_OBJC_ISA_USAGE = YES_ERROR;
				CLANG_WARN_DOCUMENTATION_COMMENTS = YES;
				CLANG_WARN_EMPTY_BODY = YES;
				CLANG_WARN_ENUM_CONVERSION = YES;
				CLANG_WARN_INFINITE_RECURSION = YES;
				CLANG_WARN_INT_CONVERSION = YES;
				CLANG_WARN_NON_LITERAL_NULL_CONVERSION = YES;
				CLANG_WARN_OBJC_IMPLICIT_RETAIN_SELF = YES;
				CLANG_WARN_OBJC_LITERAL_CONVERSION = YES;
				CLANG_WARN_OBJC_ROOT_CLASS = YES_ERROR;
				CLANG_WARN_QUOTED_INCLUDE_IN_FRAMEWORK_HEADER = YES;
				CLANG_WARN_RANGE_LOOP_ANALYSIS = YES;
				CLANG_WARN_STRICT_PROTOTYPES = YES;
				CLANG_WARN_SUSPICIOUS_MOVE = YES;
				CLANG_WARN_UNGUARDED_AVAILABILITY = YES_AGGRESSIVE;
				CLANG_WARN_UNREACHABLE_CODE = YES;
				CLANG_WARN__DUPLICATE_METHOD_MATCH = YES;
				COPY_PHASE_STRIP = NO;
				DEBUG_INFORMATION_FORMAT = "dwarf-with-dsym";
				ENABLE_NS_ASSERTIONS = NO;
				ENABLE_STRICT_OBJC_MSGSEND = YES;
				GCC_C_LANGUAGE_STANDARD = gnu11;
				GCC_NO_COMMON_BLOCKS = YES;
				GCC_WARN_64_TO_32_BIT_CONVERSION = YES;
				GCC_WARN_ABOUT_RETURN_TYPE = YES_ERROR;
				GCC_WARN_UNDECLARED_SELECTOR = YES;
				GCC_WARN_UNINITIALIZED_AUTOS = YES_AGGRESSIVE;
				GCC_WARN_UNUSED_FUNCTION = YES;
				GCC_WARN_UNUSED_VARIABLE = YES;
				IPHONEOS_DEPLOYMENT_TARGET = 14.1;
				MTL_ENABLE_DEBUG_INFO = NO;
				MTL_FAST_MATH = YES;
				SDKROOT = iphoneos;
				SWIFT_COMPILATION_MODE = wholemodule;
				SWIFT_OPTIMIZATION_LEVEL = "-O";
				VALIDATE_PRODUCT = YES;
			};
			name = Release;
		};
		2C5E88B525C078E800FCAE78 /* Debug */ = {
			isa = XCBuildConfiguration;
			baseConfigurationReference = B0D466733F5B4095B00572C2 /* Pods-Chat.debug.xcconfig */;
			buildSettings = {
				ASSETCATALOG_COMPILER_APPICON_NAME = AppIcon;
				ASSETCATALOG_COMPILER_GLOBAL_ACCENT_COLOR_NAME = AccentColor;
				CODE_SIGN_STYLE = Automatic;
				DEVELOPMENT_TEAM = BPVMHP7QWP;
				INFOPLIST_FILE = Chat/Info.plist;
				LD_RUNPATH_SEARCH_PATHS = (
					"$(inherited)",
					"@executable_path/Frameworks",
				);
				PRODUCT_BUNDLE_IDENTIFIER = ivan.Chat;
				PRODUCT_NAME = "$(TARGET_NAME)";
				SWIFT_VERSION = 5.0;
				TARGETED_DEVICE_FAMILY = "1,2";
			};
			name = Debug;
		};
		2C5E88B625C078E800FCAE78 /* Release */ = {
			isa = XCBuildConfiguration;
			baseConfigurationReference = 3ECDD829DB0F5E383B1D754D /* Pods-Chat.release.xcconfig */;
			buildSettings = {
				ASSETCATALOG_COMPILER_APPICON_NAME = AppIcon;
				ASSETCATALOG_COMPILER_GLOBAL_ACCENT_COLOR_NAME = AccentColor;
				CODE_SIGN_STYLE = Automatic;
				DEVELOPMENT_TEAM = BPVMHP7QWP;
				INFOPLIST_FILE = Chat/Info.plist;
				LD_RUNPATH_SEARCH_PATHS = (
					"$(inherited)",
					"@executable_path/Frameworks",
				);
				PRODUCT_BUNDLE_IDENTIFIER = ivan.Chat;
				PRODUCT_NAME = "$(TARGET_NAME)";
				SWIFT_VERSION = 5.0;
				TARGETED_DEVICE_FAMILY = "1,2";
			};
			name = Release;
		};
/* End XCBuildConfiguration section */

/* Begin XCConfigurationList section */
		2C5E889B25C078E600FCAE78 /* Build configuration list for PBXProject "Chat" */ = {
			isa = XCConfigurationList;
			buildConfigurations = (
				2C5E88B225C078E800FCAE78 /* Debug */,
				2C5E88B325C078E800FCAE78 /* Release */,
			);
			defaultConfigurationIsVisible = 0;
			defaultConfigurationName = Release;
		};
		2C5E88B425C078E800FCAE78 /* Build configuration list for PBXNativeTarget "Chat" */ = {
			isa = XCConfigurationList;
			buildConfigurations = (
				2C5E88B525C078E800FCAE78 /* Debug */,
				2C5E88B625C078E800FCAE78 /* Release */,
			);
			defaultConfigurationIsVisible = 0;
			defaultConfigurationName = Release;
		};
/* End XCConfigurationList section */
	};
	rootObject = 2C5E889825C078E600FCAE78 /* Project object */;
}
